// !$*UTF8*$!
{
	archiveVersion = 1;
	classes = {
	};
	objectVersion = 56;
	objects = {

/* Begin PBXBuildFile section */
		77A04CBB2BE27C0C00CF00C7 /* MusicPlaySwiftUIView.swift in Sources */ = {isa = PBXBuildFile; fileRef = 77A04CBA2BE27C0C00CF00C7 /* MusicPlaySwiftUIView.swift */; };
		77B0C61B2B9641B9005B6297 /* ITunesSearchViewModel.swift in Sources */ = {isa = PBXBuildFile; fileRef = 77B0C61A2B9641B9005B6297 /* ITunesSearchViewModel.swift */; };
		77B46F852B94ADB100444BA1 /* AppDelegate.swift in Sources */ = {isa = PBXBuildFile; fileRef = 77B46F842B94ADB100444BA1 /* AppDelegate.swift */; };
		77B46F872B94ADB100444BA1 /* SceneDelegate.swift in Sources */ = {isa = PBXBuildFile; fileRef = 77B46F862B94ADB100444BA1 /* SceneDelegate.swift */; };
		77B46F892B94ADB100444BA1 /* ITunesSearchViewController.swift in Sources */ = {isa = PBXBuildFile; fileRef = 77B46F882B94ADB100444BA1 /* ITunesSearchViewController.swift */; };
		77B46F8C2B94ADB100444BA1 /* ITunesSearch.storyboard in Resources */ = {isa = PBXBuildFile; fileRef = 77B46F8A2B94ADB100444BA1 /* ITunesSearch.storyboard */; };
		77B46F8E2B94ADB200444BA1 /* Assets.xcassets in Resources */ = {isa = PBXBuildFile; fileRef = 77B46F8D2B94ADB200444BA1 /* Assets.xcassets */; };
		77B46F912B94ADB300444BA1 /* LaunchScreen.storyboard in Resources */ = {isa = PBXBuildFile; fileRef = 77B46F8F2B94ADB300444BA1 /* LaunchScreen.storyboard */; };
		77B46FA02B94B14800444BA1 /* ITunesSearchResult.swift in Sources */ = {isa = PBXBuildFile; fileRef = 77B46F9F2B94B14800444BA1 /* ITunesSearchResult.swift */; };
		77B46FA22B94B33000444BA1 /* UIViewExtensions.swift in Sources */ = {isa = PBXBuildFile; fileRef = 77B46FA12B94B33000444BA1 /* UIViewExtensions.swift */; };
		77BDD4BC2BC029A900BD36B9 /* ITunesSearchNetworkService.swift in Sources */ = {isa = PBXBuildFile; fileRef = 77BDD4BB2BC029A900BD36B9 /* ITunesSearchNetworkService.swift */; };
		77C335FE2C2ADCDA005507E2 /* MusicTableViewCell.swift in Sources */ = {isa = PBXBuildFile; fileRef = 77C335FC2C2ADCDA005507E2 /* MusicTableViewCell.swift */; };
		77C335FF2C2ADCDA005507E2 /* MusicTableViewCell.xib in Resources */ = {isa = PBXBuildFile; fileRef = 77C335FD2C2ADCDA005507E2 /* MusicTableViewCell.xib */; };
		77C6CE3D2C0DF4730019B1DA /* NetworkServiceTests.swift in Sources */ = {isa = PBXBuildFile; fileRef = 77C6CE3C2C0DF4730019B1DA /* NetworkServiceTests.swift */; };
		77C7662C2C08B63B00449F73 /* SelectMode.storyboard in Resources */ = {isa = PBXBuildFile; fileRef = 77C7662B2C08B63B00449F73 /* SelectMode.storyboard */; };
		77C7662E2C08B68C00449F73 /* SelectModeViewController.swift in Sources */ = {isa = PBXBuildFile; fileRef = 77C7662D2C08B68C00449F73 /* SelectModeViewController.swift */; };
		77D499942BCEA367000F1665 /* SceneFactory.swift in Sources */ = {isa = PBXBuildFile; fileRef = 77D499932BCEA367000F1665 /* SceneFactory.swift */; };
		77D499962BCEA3DC000F1665 /* RootRouter.swift in Sources */ = {isa = PBXBuildFile; fileRef = 77D499952BCEA3DC000F1665 /* RootRouter.swift */; };
		77D499982BCEAAA9000F1665 /* MusicViewController.swift in Sources */ = {isa = PBXBuildFile; fileRef = 77D499972BCEAAA9000F1665 /* MusicViewController.swift */; };
		77D4999A2BCEAAB7000F1665 /* MusicPlay.storyboard in Resources */ = {isa = PBXBuildFile; fileRef = 77D499992BCEAAB7000F1665 /* MusicPlay.storyboard */; };
		77EA5ACA2BDE7F47006F0908 /* ITunesSearchSwiftUIView.swift in Sources */ = {isa = PBXBuildFile; fileRef = 77EA5AC92BDE7F47006F0908 /* ITunesSearchSwiftUIView.swift */; };
		8BE39D38277EEE7767AA2BB1 /* Pods_iTunesTest.framework in Frameworks */ = {isa = PBXBuildFile; fileRef = 6DD903B755C5E328E28A0C4D /* Pods_iTunesTest.framework */; };
/* End PBXBuildFile section */

/* Begin PBXContainerItemProxy section */
		77C6CE362C0DF4130019B1DA /* PBXContainerItemProxy */ = {
			isa = PBXContainerItemProxy;
			containerPortal = 77B46F792B94ADB000444BA1 /* Project object */;
			proxyType = 1;
			remoteGlobalIDString = 77B46F802B94ADB100444BA1;
			remoteInfo = iTunesTest;
		};
/* End PBXContainerItemProxy section */

/* Begin PBXFileReference section */
		6DD903B755C5E328E28A0C4D /* Pods_iTunesTest.framework */ = {isa = PBXFileReference; explicitFileType = wrapper.framework; includeInIndex = 0; path = Pods_iTunesTest.framework; sourceTree = BUILT_PRODUCTS_DIR; };
		7018A9412BB1F0E8F9283C65 /* Pods-iTunesTest.debug.xcconfig */ = {isa = PBXFileReference; includeInIndex = 1; lastKnownFileType = text.xcconfig; name = "Pods-iTunesTest.debug.xcconfig"; path = "Target Support Files/Pods-iTunesTest/Pods-iTunesTest.debug.xcconfig"; sourceTree = "<group>"; };
		77A04CBA2BE27C0C00CF00C7 /* MusicPlaySwiftUIView.swift */ = {isa = PBXFileReference; lastKnownFileType = sourcecode.swift; path = MusicPlaySwiftUIView.swift; sourceTree = "<group>"; };
		77B0C61A2B9641B9005B6297 /* ITunesSearchViewModel.swift */ = {isa = PBXFileReference; lastKnownFileType = sourcecode.swift; path = ITunesSearchViewModel.swift; sourceTree = "<group>"; };
		77B46F812B94ADB100444BA1 /* iTunesTest.app */ = {isa = PBXFileReference; explicitFileType = wrapper.application; includeInIndex = 0; path = iTunesTest.app; sourceTree = BUILT_PRODUCTS_DIR; };
		77B46F842B94ADB100444BA1 /* AppDelegate.swift */ = {isa = PBXFileReference; lastKnownFileType = sourcecode.swift; path = AppDelegate.swift; sourceTree = "<group>"; };
		77B46F862B94ADB100444BA1 /* SceneDelegate.swift */ = {isa = PBXFileReference; lastKnownFileType = sourcecode.swift; path = SceneDelegate.swift; sourceTree = "<group>"; };
		77B46F882B94ADB100444BA1 /* ITunesSearchViewController.swift */ = {isa = PBXFileReference; lastKnownFileType = sourcecode.swift; path = ITunesSearchViewController.swift; sourceTree = "<group>"; };
		77B46F8B2B94ADB100444BA1 /* Base */ = {isa = PBXFileReference; lastKnownFileType = file.storyboard; name = Base; path = Base.lproj/ITunesSearch.storyboard; sourceTree = "<group>"; };
		77B46F8D2B94ADB200444BA1 /* Assets.xcassets */ = {isa = PBXFileReference; lastKnownFileType = folder.assetcatalog; path = Assets.xcassets; sourceTree = "<group>"; };
		77B46F902B94ADB300444BA1 /* Base */ = {isa = PBXFileReference; lastKnownFileType = file.storyboard; name = Base; path = Base.lproj/LaunchScreen.storyboard; sourceTree = "<group>"; };
		77B46F922B94ADB300444BA1 /* Info.plist */ = {isa = PBXFileReference; lastKnownFileType = text.plist.xml; path = Info.plist; sourceTree = "<group>"; };
		77B46F9F2B94B14800444BA1 /* ITunesSearchResult.swift */ = {isa = PBXFileReference; lastKnownFileType = sourcecode.swift; path = ITunesSearchResult.swift; sourceTree = "<group>"; };
		77B46FA12B94B33000444BA1 /* UIViewExtensions.swift */ = {isa = PBXFileReference; fileEncoding = 4; lastKnownFileType = sourcecode.swift; path = UIViewExtensions.swift; sourceTree = "<group>"; };
		77BDD4BB2BC029A900BD36B9 /* ITunesSearchNetworkService.swift */ = {isa = PBXFileReference; lastKnownFileType = sourcecode.swift; path = ITunesSearchNetworkService.swift; sourceTree = "<group>"; };
		77C335FC2C2ADCDA005507E2 /* MusicTableViewCell.swift */ = {isa = PBXFileReference; fileEncoding = 4; lastKnownFileType = sourcecode.swift; path = MusicTableViewCell.swift; sourceTree = "<group>"; };
		77C335FD2C2ADCDA005507E2 /* MusicTableViewCell.xib */ = {isa = PBXFileReference; fileEncoding = 4; lastKnownFileType = file.xib; path = MusicTableViewCell.xib; sourceTree = "<group>"; };
		77C6CE322C0DF4130019B1DA /* UnitiTunesTests.xctest */ = {isa = PBXFileReference; explicitFileType = wrapper.cfbundle; includeInIndex = 0; path = UnitiTunesTests.xctest; sourceTree = BUILT_PRODUCTS_DIR; };
		77C6CE3B2C0DF4720019B1DA /* UnitiTunesTests-Bridging-Header.h */ = {isa = PBXFileReference; lastKnownFileType = sourcecode.c.h; path = "UnitiTunesTests-Bridging-Header.h"; sourceTree = "<group>"; };
		77C6CE3C2C0DF4730019B1DA /* NetworkServiceTests.swift */ = {isa = PBXFileReference; lastKnownFileType = sourcecode.swift; path = NetworkServiceTests.swift; sourceTree = "<group>"; };
		77C7662B2C08B63B00449F73 /* SelectMode.storyboard */ = {isa = PBXFileReference; lastKnownFileType = file.storyboard; path = SelectMode.storyboard; sourceTree = "<group>"; };
		77C7662D2C08B68C00449F73 /* SelectModeViewController.swift */ = {isa = PBXFileReference; lastKnownFileType = sourcecode.swift; path = SelectModeViewController.swift; sourceTree = "<group>"; };
		77D499932BCEA367000F1665 /* SceneFactory.swift */ = {isa = PBXFileReference; lastKnownFileType = sourcecode.swift; path = SceneFactory.swift; sourceTree = "<group>"; };
		77D499952BCEA3DC000F1665 /* RootRouter.swift */ = {isa = PBXFileReference; lastKnownFileType = sourcecode.swift; path = RootRouter.swift; sourceTree = "<group>"; };
		77D499972BCEAAA9000F1665 /* MusicViewController.swift */ = {isa = PBXFileReference; lastKnownFileType = sourcecode.swift; path = MusicViewController.swift; sourceTree = "<group>"; };
		77D499992BCEAAB7000F1665 /* MusicPlay.storyboard */ = {isa = PBXFileReference; lastKnownFileType = file.storyboard; path = MusicPlay.storyboard; sourceTree = "<group>"; };
		77EA5AC92BDE7F47006F0908 /* ITunesSearchSwiftUIView.swift */ = {isa = PBXFileReference; lastKnownFileType = sourcecode.swift; path = ITunesSearchSwiftUIView.swift; sourceTree = "<group>"; };
		8F7788E00B22D08DB3047D1D /* Pods-iTunesTest.release.xcconfig */ = {isa = PBXFileReference; includeInIndex = 1; lastKnownFileType = text.xcconfig; name = "Pods-iTunesTest.release.xcconfig"; path = "Target Support Files/Pods-iTunesTest/Pods-iTunesTest.release.xcconfig"; sourceTree = "<group>"; };
/* End PBXFileReference section */

/* Begin PBXFrameworksBuildPhase section */
		77B46F7E2B94ADB100444BA1 /* Frameworks */ = {
			isa = PBXFrameworksBuildPhase;
			buildActionMask = 2147483647;
			files = (
				8BE39D38277EEE7767AA2BB1 /* Pods_iTunesTest.framework in Frameworks */,
			);
			runOnlyForDeploymentPostprocessing = 0;
		};
		77C6CE2F2C0DF4130019B1DA /* Frameworks */ = {
			isa = PBXFrameworksBuildPhase;
			buildActionMask = 2147483647;
			files = (
			);
			runOnlyForDeploymentPostprocessing = 0;
		};
/* End PBXFrameworksBuildPhase section */

/* Begin PBXGroup section */
		7770DFA02BCFF09100C77CE2 /* MusicPlayScene */ = {
			isa = PBXGroup;
			children = (
				77D499972BCEAAA9000F1665 /* MusicViewController.swift */,
				77D499992BCEAAB7000F1665 /* MusicPlay.storyboard */,
			);
			path = MusicPlayScene;
			sourceTree = "<group>";
		};
		77B46F782B94ADB000444BA1 = {
			isa = PBXGroup;
			children = (
				77B46F832B94ADB100444BA1 /* iTunesTest */,
				77C6CE332C0DF4130019B1DA /* UnitiTunesTests */,
				77B46F822B94ADB100444BA1 /* Products */,
				8D9E767DCC341A80C3083DFD /* Pods */,
				B2E948D53331EDDF97852C28 /* Frameworks */,
			);
			sourceTree = "<group>";
		};
		77B46F822B94ADB100444BA1 /* Products */ = {
			isa = PBXGroup;
			children = (
				77B46F812B94ADB100444BA1 /* iTunesTest.app */,
				77C6CE322C0DF4130019B1DA /* UnitiTunesTests.xctest */,
			);
			name = Products;
			sourceTree = "<group>";
		};
		77B46F832B94ADB100444BA1 /* iTunesTest */ = {
			isa = PBXGroup;
			children = (
				77B46F842B94ADB100444BA1 /* AppDelegate.swift */,
				77B46F862B94ADB100444BA1 /* SceneDelegate.swift */,
				77D499932BCEA367000F1665 /* SceneFactory.swift */,
				77D499952BCEA3DC000F1665 /* RootRouter.swift */,
				77C335F92C2AD962005507E2 /* NetworkService */,
				77C335F82C2AD8F3005507E2 /* ViewModel */,
				77C335F72C2AD8DE005507E2 /* Scenes */,
				77B46F8D2B94ADB200444BA1 /* Assets.xcassets */,
				77B46FA12B94B33000444BA1 /* UIViewExtensions.swift */,
				77B46F8F2B94ADB300444BA1 /* LaunchScreen.storyboard */,
				77B46F922B94ADB300444BA1 /* Info.plist */,
			);
			path = iTunesTest;
			sourceTree = "<group>";
		};
		77C335F22C2AD64B005507E2 /* SwiftUI */ = {
			isa = PBXGroup;
			children = (
				77EA5AC92BDE7F47006F0908 /* ITunesSearchSwiftUIView.swift */,
				77A04CBA2BE27C0C00CF00C7 /* MusicPlaySwiftUIView.swift */,
			);
			path = SwiftUI;
			sourceTree = "<group>";
		};
		77C335F42C2AD8A6005507E2 /* SelectModeScene */ = {
			isa = PBXGroup;
			children = (
				77C7662B2C08B63B00449F73 /* SelectMode.storyboard */,
				77C7662D2C08B68C00449F73 /* SelectModeViewController.swift */,
			);
			path = SelectModeScene;
			sourceTree = "<group>";
		};
		77C335F52C2AD8BA005507E2 /* ITunesSearchScene */ = {
			isa = PBXGroup;
			children = (
				77B46F8A2B94ADB100444BA1 /* ITunesSearch.storyboard */,
				77B46F882B94ADB100444BA1 /* ITunesSearchViewController.swift */,
				77C336002C2ADCDE005507E2 /* Cell */,
			);
			path = ITunesSearchScene;
			sourceTree = "<group>";
		};
		77C335F72C2AD8DE005507E2 /* Scenes */ = {
			isa = PBXGroup;
			children = (
				77C335FB2C2AD9AF005507E2 /* UIKit */,
				77C335F22C2AD64B005507E2 /* SwiftUI */,
			);
			path = Scenes;
			sourceTree = "<group>";
		};
		77C335F82C2AD8F3005507E2 /* ViewModel */ = {
			isa = PBXGroup;
			children = (
				77B0C61A2B9641B9005B6297 /* ITunesSearchViewModel.swift */,
			);
			path = ViewModel;
			sourceTree = "<group>";
		};
		77C335F92C2AD962005507E2 /* NetworkService */ = {
			isa = PBXGroup;
			children = (
				77B46F9F2B94B14800444BA1 /* ITunesSearchResult.swift */,
				77BDD4BB2BC029A900BD36B9 /* ITunesSearchNetworkService.swift */,
			);
			path = NetworkService;
			sourceTree = "<group>";
		};
		77C335FB2C2AD9AF005507E2 /* UIKit */ = {
			isa = PBXGroup;
			children = (
				77C335F42C2AD8A6005507E2 /* SelectModeScene */,
				77C335F52C2AD8BA005507E2 /* ITunesSearchScene */,
				7770DFA02BCFF09100C77CE2 /* MusicPlayScene */,
			);
			path = UIKit;
			sourceTree = "<group>";
		};
		77C336002C2ADCDE005507E2 /* Cell */ = {
			isa = PBXGroup;
			children = (
				77C335FD2C2ADCDA005507E2 /* MusicTableViewCell.xib */,
				77C335FC2C2ADCDA005507E2 /* MusicTableViewCell.swift */,
			);
			path = Cell;
			sourceTree = "<group>";
		};
		77C6CE332C0DF4130019B1DA /* UnitiTunesTests */ = {
			isa = PBXGroup;
			children = (
				77C6CE3C2C0DF4730019B1DA /* NetworkServiceTests.swift */,
				77C6CE3B2C0DF4720019B1DA /* UnitiTunesTests-Bridging-Header.h */,
			);
			path = UnitiTunesTests;
			sourceTree = "<group>";
		};
		8D9E767DCC341A80C3083DFD /* Pods */ = {
			isa = PBXGroup;
			children = (
				7018A9412BB1F0E8F9283C65 /* Pods-iTunesTest.debug.xcconfig */,
				8F7788E00B22D08DB3047D1D /* Pods-iTunesTest.release.xcconfig */,
			);
			path = Pods;
			sourceTree = "<group>";
		};
		B2E948D53331EDDF97852C28 /* Frameworks */ = {
			isa = PBXGroup;
			children = (
				6DD903B755C5E328E28A0C4D /* Pods_iTunesTest.framework */,
			);
			name = Frameworks;
			sourceTree = "<group>";
		};
/* End PBXGroup section */

/* Begin PBXNativeTarget section */
		77B46F802B94ADB100444BA1 /* iTunesTest */ = {
			isa = PBXNativeTarget;
			buildConfigurationList = 77B46F952B94ADB300444BA1 /* Build configuration list for PBXNativeTarget "iTunesTest" */;
			buildPhases = (
				62C95F929F0B9521571A2023 /* [CP] Check Pods Manifest.lock */,
				77B46F7D2B94ADB100444BA1 /* Sources */,
				77B46F7E2B94ADB100444BA1 /* Frameworks */,
				77B46F7F2B94ADB100444BA1 /* Resources */,
				F65149B2ADEA184933218690 /* [CP] Embed Pods Frameworks */,
			);
			buildRules = (
			);
			dependencies = (
			);
			name = iTunesTest;
			productName = iTunesTest;
			productReference = 77B46F812B94ADB100444BA1 /* iTunesTest.app */;
			productType = "com.apple.product-type.application";
		};
		77C6CE312C0DF4130019B1DA /* UnitiTunesTests */ = {
			isa = PBXNativeTarget;
			buildConfigurationList = 77C6CE3A2C0DF4130019B1DA /* Build configuration list for PBXNativeTarget "UnitiTunesTests" */;
			buildPhases = (
				77C6CE2E2C0DF4130019B1DA /* Sources */,
				77C6CE2F2C0DF4130019B1DA /* Frameworks */,
				77C6CE302C0DF4130019B1DA /* Resources */,
			);
			buildRules = (
			);
			dependencies = (
				77C6CE372C0DF4130019B1DA /* PBXTargetDependency */,
			);
			name = UnitiTunesTests;
			productName = UnitiTunesTests;
			productReference = 77C6CE322C0DF4130019B1DA /* UnitiTunesTests.xctest */;
			productType = "com.apple.product-type.bundle.unit-test";
		};
/* End PBXNativeTarget section */

/* Begin PBXProject section */
		77B46F792B94ADB000444BA1 /* Project object */ = {
			isa = PBXProject;
			attributes = {
				BuildIndependentTargetsInParallel = 1;
				LastSwiftUpdateCheck = 1430;
				LastUpgradeCheck = 1430;
				TargetAttributes = {
					77B46F802B94ADB100444BA1 = {
						CreatedOnToolsVersion = 14.3.1;
					};
					77C6CE312C0DF4130019B1DA = {
						CreatedOnToolsVersion = 14.3.1;
						LastSwiftMigration = 1430;
						TestTargetID = 77B46F802B94ADB100444BA1;
					};
				};
			};
			buildConfigurationList = 77B46F7C2B94ADB000444BA1 /* Build configuration list for PBXProject "iTunesTest" */;
			compatibilityVersion = "Xcode 14.0";
			developmentRegion = en;
			hasScannedForEncodings = 0;
			knownRegions = (
				en,
				Base,
			);
			mainGroup = 77B46F782B94ADB000444BA1;
			productRefGroup = 77B46F822B94ADB100444BA1 /* Products */;
			projectDirPath = "";
			projectRoot = "";
			targets = (
				77B46F802B94ADB100444BA1 /* iTunesTest */,
				77C6CE312C0DF4130019B1DA /* UnitiTunesTests */,
			);
		};
/* End PBXProject section */

/* Begin PBXResourcesBuildPhase section */
		77B46F7F2B94ADB100444BA1 /* Resources */ = {
			isa = PBXResourcesBuildPhase;
			buildActionMask = 2147483647;
			files = (
				77B46F912B94ADB300444BA1 /* LaunchScreen.storyboard in Resources */,
				77C7662C2C08B63B00449F73 /* SelectMode.storyboard in Resources */,
				77D4999A2BCEAAB7000F1665 /* MusicPlay.storyboard in Resources */,
				77C335FF2C2ADCDA005507E2 /* MusicTableViewCell.xib in Resources */,
				77B46F8E2B94ADB200444BA1 /* Assets.xcassets in Resources */,
				77B46F8C2B94ADB100444BA1 /* ITunesSearch.storyboard in Resources */,
			);
			runOnlyForDeploymentPostprocessing = 0;
		};
		77C6CE302C0DF4130019B1DA /* Resources */ = {
			isa = PBXResourcesBuildPhase;
			buildActionMask = 2147483647;
			files = (
			);
			runOnlyForDeploymentPostprocessing = 0;
		};
/* End PBXResourcesBuildPhase section */

/* Begin PBXShellScriptBuildPhase section */
		62C95F929F0B9521571A2023 /* [CP] Check Pods Manifest.lock */ = {
			isa = PBXShellScriptBuildPhase;
			buildActionMask = 2147483647;
			files = (
			);
			inputFileListPaths = (
			);
			inputPaths = (
				"${PODS_PODFILE_DIR_PATH}/Podfile.lock",
				"${PODS_ROOT}/Manifest.lock",
			);
			name = "[CP] Check Pods Manifest.lock";
			outputFileListPaths = (
			);
			outputPaths = (
				"$(DERIVED_FILE_DIR)/Pods-iTunesTest-checkManifestLockResult.txt",
			);
			runOnlyForDeploymentPostprocessing = 0;
			shellPath = /bin/sh;
			shellScript = "diff \"${PODS_PODFILE_DIR_PATH}/Podfile.lock\" \"${PODS_ROOT}/Manifest.lock\" > /dev/null\nif [ $? != 0 ] ; then\n    # print error to STDERR\n    echo \"error: The sandbox is not in sync with the Podfile.lock. Run 'pod install' or update your CocoaPods installation.\" >&2\n    exit 1\nfi\n# This output is used by Xcode 'outputs' to avoid re-running this script phase.\necho \"SUCCESS\" > \"${SCRIPT_OUTPUT_FILE_0}\"\n";
			showEnvVarsInLog = 0;
		};
		F65149B2ADEA184933218690 /* [CP] Embed Pods Frameworks */ = {
			isa = PBXShellScriptBuildPhase;
			buildActionMask = 2147483647;
			files = (
			);
			inputFileListPaths = (
				"${PODS_ROOT}/Target Support Files/Pods-iTunesTest/Pods-iTunesTest-frameworks-${CONFIGURATION}-input-files.xcfilelist",
			);
			name = "[CP] Embed Pods Frameworks";
			outputFileListPaths = (
				"${PODS_ROOT}/Target Support Files/Pods-iTunesTest/Pods-iTunesTest-frameworks-${CONFIGURATION}-output-files.xcfilelist",
			);
			runOnlyForDeploymentPostprocessing = 0;
			shellPath = /bin/sh;
			shellScript = "\"${PODS_ROOT}/Target Support Files/Pods-iTunesTest/Pods-iTunesTest-frameworks.sh\"\n";
			showEnvVarsInLog = 0;
		};
/* End PBXShellScriptBuildPhase section */

/* Begin PBXSourcesBuildPhase section */
		77B46F7D2B94ADB100444BA1 /* Sources */ = {
			isa = PBXSourcesBuildPhase;
			buildActionMask = 2147483647;
			files = (
				77B46F892B94ADB100444BA1 /* ITunesSearchViewController.swift in Sources */,
				77B0C61B2B9641B9005B6297 /* ITunesSearchViewModel.swift in Sources */,
				77B46F852B94ADB100444BA1 /* AppDelegate.swift in Sources */,
				77B46FA02B94B14800444BA1 /* ITunesSearchResult.swift in Sources */,
				77D499942BCEA367000F1665 /* SceneFactory.swift in Sources */,
				77C7662E2C08B68C00449F73 /* SelectModeViewController.swift in Sources */,
				77D499982BCEAAA9000F1665 /* MusicViewController.swift in Sources */,
				77EA5ACA2BDE7F47006F0908 /* ITunesSearchSwiftUIView.swift in Sources */,
				77BDD4BC2BC029A900BD36B9 /* ITunesSearchNetworkService.swift in Sources */,
				77A04CBB2BE27C0C00CF00C7 /* MusicPlaySwiftUIView.swift in Sources */,
				77D499962BCEA3DC000F1665 /* RootRouter.swift in Sources */,
				77C335FE2C2ADCDA005507E2 /* MusicTableViewCell.swift in Sources */,
				77B46F872B94ADB100444BA1 /* SceneDelegate.swift in Sources */,
				77B46FA22B94B33000444BA1 /* UIViewExtensions.swift in Sources */,
			);
			runOnlyForDeploymentPostprocessing = 0;
		};
		77C6CE2E2C0DF4130019B1DA /* Sources */ = {
			isa = PBXSourcesBuildPhase;
			buildActionMask = 2147483647;
			files = (
				77C6CE3D2C0DF4730019B1DA /* NetworkServiceTests.swift in Sources */,
			);
			runOnlyForDeploymentPostprocessing = 0;
		};
/* End PBXSourcesBuildPhase section */

/* Begin PBXTargetDependency section */
		77C6CE372C0DF4130019B1DA /* PBXTargetDependency */ = {
			isa = PBXTargetDependency;
			target = 77B46F802B94ADB100444BA1 /* iTunesTest */;
			targetProxy = 77C6CE362C0DF4130019B1DA /* PBXContainerItemProxy */;
		};
/* End PBXTargetDependency section */

/* Begin PBXVariantGroup section */
		77B46F8A2B94ADB100444BA1 /* ITunesSearch.storyboard */ = {
			isa = PBXVariantGroup;
			children = (
				77B46F8B2B94ADB100444BA1 /* Base */,
			);
			name = ITunesSearch.storyboard;
			sourceTree = "<group>";
		};
		77B46F8F2B94ADB300444BA1 /* LaunchScreen.storyboard */ = {
			isa = PBXVariantGroup;
			children = (
				77B46F902B94ADB300444BA1 /* Base */,
			);
			name = LaunchScreen.storyboard;
			sourceTree = "<group>";
		};
/* End PBXVariantGroup section */

/* Begin XCBuildConfiguration section */
		77B46F932B94ADB300444BA1 /* Debug */ = {
			isa = XCBuildConfiguration;
			buildSettings = {
				ALWAYS_SEARCH_USER_PATHS = NO;
				CLANG_ANALYZER_NONNULL = YES;
				CLANG_ANALYZER_NUMBER_OBJECT_CONVERSION = YES_AGGRESSIVE;
				CLANG_CXX_LANGUAGE_STANDARD = "gnu++20";
				CLANG_ENABLE_MODULES = YES;
				CLANG_ENABLE_OBJC_ARC = YES;
				CLANG_ENABLE_OBJC_WEAK = YES;
				CLANG_WARN_BLOCK_CAPTURE_AUTORELEASING = YES;
				CLANG_WARN_BOOL_CONVERSION = YES;
				CLANG_WARN_COMMA = YES;
				CLANG_WARN_CONSTANT_CONVERSION = YES;
				CLANG_WARN_DEPRECATED_OBJC_IMPLEMENTATIONS = YES;
				CLANG_WARN_DIRECT_OBJC_ISA_USAGE = YES_ERROR;
				CLANG_WARN_DOCUMENTATION_COMMENTS = YES;
				CLANG_WARN_EMPTY_BODY = YES;
				CLANG_WARN_ENUM_CONVERSION = YES;
				CLANG_WARN_INFINITE_RECURSION = YES;
				CLANG_WARN_INT_CONVERSION = YES;
				CLANG_WARN_NON_LITERAL_NULL_CONVERSION = YES;
				CLANG_WARN_OBJC_IMPLICIT_RETAIN_SELF = YES;
				CLANG_WARN_OBJC_LITERAL_CONVERSION = YES;
				CLANG_WARN_OBJC_ROOT_CLASS = YES_ERROR;
				CLANG_WARN_QUOTED_INCLUDE_IN_FRAMEWORK_HEADER = YES;
				CLANG_WARN_RANGE_LOOP_ANALYSIS = YES;
				CLANG_WARN_STRICT_PROTOTYPES = YES;
				CLANG_WARN_SUSPICIOUS_MOVE = YES;
				CLANG_WARN_UNGUARDED_AVAILABILITY = YES_AGGRESSIVE;
				CLANG_WARN_UNREACHABLE_CODE = YES;
				CLANG_WARN__DUPLICATE_METHOD_MATCH = YES;
				COPY_PHASE_STRIP = NO;
				DEBUG_INFORMATION_FORMAT = dwarf;
				ENABLE_STRICT_OBJC_MSGSEND = YES;
				ENABLE_TESTABILITY = YES;
				GCC_C_LANGUAGE_STANDARD = gnu11;
				GCC_DYNAMIC_NO_PIC = NO;
				GCC_NO_COMMON_BLOCKS = YES;
				GCC_OPTIMIZATION_LEVEL = 0;
				GCC_PREPROCESSOR_DEFINITIONS = (
					"DEBUG=1",
					"$(inherited)",
				);
				GCC_WARN_64_TO_32_BIT_CONVERSION = YES;
				GCC_WARN_ABOUT_RETURN_TYPE = YES_ERROR;
				GCC_WARN_UNDECLARED_SELECTOR = YES;
				GCC_WARN_UNINITIALIZED_AUTOS = YES_AGGRESSIVE;
				GCC_WARN_UNUSED_FUNCTION = YES;
				GCC_WARN_UNUSED_VARIABLE = YES;
				IPHONEOS_DEPLOYMENT_TARGET = 16.4;
				MTL_ENABLE_DEBUG_INFO = INCLUDE_SOURCE;
				MTL_FAST_MATH = YES;
				ONLY_ACTIVE_ARCH = YES;
				SDKROOT = iphoneos;
				SWIFT_ACTIVE_COMPILATION_CONDITIONS = DEBUG;
				SWIFT_OPTIMIZATION_LEVEL = "-Onone";
			};
			name = Debug;
		};
		77B46F942B94ADB300444BA1 /* Release */ = {
			isa = XCBuildConfiguration;
			buildSettings = {
				ALWAYS_SEARCH_USER_PATHS = NO;
				CLANG_ANALYZER_NONNULL = YES;
				CLANG_ANALYZER_NUMBER_OBJECT_CONVERSION = YES_AGGRESSIVE;
				CLANG_CXX_LANGUAGE_STANDARD = "gnu++20";
				CLANG_ENABLE_MODULES = YES;
				CLANG_ENABLE_OBJC_ARC = YES;
				CLANG_ENABLE_OBJC_WEAK = YES;
				CLANG_WARN_BLOCK_CAPTURE_AUTORELEASING = YES;
				CLANG_WARN_BOOL_CONVERSION = YES;
				CLANG_WARN_COMMA = YES;
				CLANG_WARN_CONSTANT_CONVERSION = YES;
				CLANG_WARN_DEPRECATED_OBJC_IMPLEMENTATIONS = YES;
				CLANG_WARN_DIRECT_OBJC_ISA_USAGE = YES_ERROR;
				CLANG_WARN_DOCUMENTATION_COMMENTS = YES;
				CLANG_WARN_EMPTY_BODY = YES;
				CLANG_WARN_ENUM_CONVERSION = YES;
				CLANG_WARN_INFINITE_RECURSION = YES;
				CLANG_WARN_INT_CONVERSION = YES;
				CLANG_WARN_NON_LITERAL_NULL_CONVERSION = YES;
				CLANG_WARN_OBJC_IMPLICIT_RETAIN_SELF = YES;
				CLANG_WARN_OBJC_LITERAL_CONVERSION = YES;
				CLANG_WARN_OBJC_ROOT_CLASS = YES_ERROR;
				CLANG_WARN_QUOTED_INCLUDE_IN_FRAMEWORK_HEADER = YES;
				CLANG_WARN_RANGE_LOOP_ANALYSIS = YES;
				CLANG_WARN_STRICT_PROTOTYPES = YES;
				CLANG_WARN_SUSPICIOUS_MOVE = YES;
				CLANG_WARN_UNGUARDED_AVAILABILITY = YES_AGGRESSIVE;
				CLANG_WARN_UNREACHABLE_CODE = YES;
				CLANG_WARN__DUPLICATE_METHOD_MATCH = YES;
				COPY_PHASE_STRIP = NO;
				DEBUG_INFORMATION_FORMAT = "dwarf-with-dsym";
				ENABLE_NS_ASSERTIONS = NO;
				ENABLE_STRICT_OBJC_MSGSEND = YES;
				GCC_C_LANGUAGE_STANDARD = gnu11;
				GCC_NO_COMMON_BLOCKS = YES;
				GCC_WARN_64_TO_32_BIT_CONVERSION = YES;
				GCC_WARN_ABOUT_RETURN_TYPE = YES_ERROR;
				GCC_WARN_UNDECLARED_SELECTOR = YES;
				GCC_WARN_UNINITIALIZED_AUTOS = YES_AGGRESSIVE;
				GCC_WARN_UNUSED_FUNCTION = YES;
				GCC_WARN_UNUSED_VARIABLE = YES;
				IPHONEOS_DEPLOYMENT_TARGET = 16.4;
				MTL_ENABLE_DEBUG_INFO = NO;
				MTL_FAST_MATH = YES;
				SDKROOT = iphoneos;
				SWIFT_COMPILATION_MODE = wholemodule;
				SWIFT_OPTIMIZATION_LEVEL = "-O";
				VALIDATE_PRODUCT = YES;
			};
			name = Release;
		};
		77B46F962B94ADB300444BA1 /* Debug */ = {
			isa = XCBuildConfiguration;
			baseConfigurationReference = 7018A9412BB1F0E8F9283C65 /* Pods-iTunesTest.debug.xcconfig */;
			buildSettings = {
				ASSETCATALOG_COMPILER_APPICON_NAME = AppIcon;
				ASSETCATALOG_COMPILER_GLOBAL_ACCENT_COLOR_NAME = AccentColor;
				CODE_SIGN_STYLE = Automatic;
				CURRENT_PROJECT_VERSION = 1;
				GENERATE_INFOPLIST_FILE = YES;
				INFOPLIST_FILE = iTunesTest/Info.plist;
				INFOPLIST_KEY_UIApplicationSupportsIndirectInputEvents = YES;
				INFOPLIST_KEY_UILaunchStoryboardName = LaunchScreen;
				INFOPLIST_KEY_UIMainStoryboardFile = "";
				INFOPLIST_KEY_UISupportedInterfaceOrientations_iPad = "UIInterfaceOrientationPortrait UIInterfaceOrientationPortraitUpsideDown UIInterfaceOrientationLandscapeLeft UIInterfaceOrientationLandscapeRight";
				INFOPLIST_KEY_UISupportedInterfaceOrientations_iPhone = "UIInterfaceOrientationPortrait UIInterfaceOrientationLandscapeLeft UIInterfaceOrientationLandscapeRight";
				IPHONEOS_DEPLOYMENT_TARGET = 15.0;
				LD_RUNPATH_SEARCH_PATHS = (
					"$(inherited)",
					"@executable_path/Frameworks",
				);
				MARKETING_VERSION = 1.0;
				PRODUCT_BUNDLE_IDENTIFIER = home.iTunesTest;
				PRODUCT_NAME = "$(TARGET_NAME)";
				SWIFT_EMIT_LOC_STRINGS = YES;
				SWIFT_VERSION = 5.0;
				TARGETED_DEVICE_FAMILY = "1,2";
			};
			name = Debug;
		};
		77B46F972B94ADB300444BA1 /* Release */ = {
			isa = XCBuildConfiguration;
			baseConfigurationReference = 8F7788E00B22D08DB3047D1D /* Pods-iTunesTest.release.xcconfig */;
			buildSettings = {
				ASSETCATALOG_COMPILER_APPICON_NAME = AppIcon;
				ASSETCATALOG_COMPILER_GLOBAL_ACCENT_COLOR_NAME = AccentColor;
				CODE_SIGN_STYLE = Automatic;
				CURRENT_PROJECT_VERSION = 1;
				GENERATE_INFOPLIST_FILE = YES;
				INFOPLIST_FILE = iTunesTest/Info.plist;
				INFOPLIST_KEY_UIApplicationSupportsIndirectInputEvents = YES;
				INFOPLIST_KEY_UILaunchStoryboardName = LaunchScreen;
				INFOPLIST_KEY_UIMainStoryboardFile = "";
				INFOPLIST_KEY_UISupportedInterfaceOrientations_iPad = "UIInterfaceOrientationPortrait UIInterfaceOrientationPortraitUpsideDown UIInterfaceOrientationLandscapeLeft UIInterfaceOrientationLandscapeRight";
				INFOPLIST_KEY_UISupportedInterfaceOrientations_iPhone = "UIInterfaceOrientationPortrait UIInterfaceOrientationLandscapeLeft UIInterfaceOrientationLandscapeRight";
				IPHONEOS_DEPLOYMENT_TARGET = 15.0;
				LD_RUNPATH_SEARCH_PATHS = (
					"$(inherited)",
					"@executable_path/Frameworks",
				);
				MARKETING_VERSION = 1.0;
				PRODUCT_BUNDLE_IDENTIFIER = home.iTunesTest;
				PRODUCT_NAME = "$(TARGET_NAME)";
				SWIFT_EMIT_LOC_STRINGS = YES;
				SWIFT_VERSION = 5.0;
				TARGETED_DEVICE_FAMILY = "1,2";
			};
			name = Release;
		};
		77C6CE382C0DF4130019B1DA /* Debug */ = {
			isa = XCBuildConfiguration;
			buildSettings = {
				BUNDLE_LOADER = "$(TEST_HOST)";
				CLANG_ENABLE_MODULES = YES;
				CODE_SIGN_STYLE = Automatic;
				CURRENT_PROJECT_VERSION = 1;
				GENERATE_INFOPLIST_FILE = YES;
				MARKETING_VERSION = 1.0;
				PRODUCT_BUNDLE_IDENTIFIER = home.UnitiTunesTests;
				PRODUCT_NAME = "$(TARGET_NAME)";
				SWIFT_EMIT_LOC_STRINGS = NO;
				SWIFT_OBJC_BRIDGING_HEADER = "UnitiTunesTests/UnitiTunesTests-Bridging-Header.h";
				SWIFT_OPTIMIZATION_LEVEL = "-Onone";
				SWIFT_VERSION = 5.0;
				TARGETED_DEVICE_FAMILY = "1,2";
				TEST_HOST = "$(BUILT_PRODUCTS_DIR)/iTunesTest.app/$(BUNDLE_EXECUTABLE_FOLDER_PATH)/iTunesTest";
			};
			name = Debug;
		};
		77C6CE392C0DF4130019B1DA /* Release */ = {
			isa = XCBuildConfiguration;
			buildSettings = {
				BUNDLE_LOADER = "$(TEST_HOST)";
				CLANG_ENABLE_MODULES = YES;
				CODE_SIGN_STYLE = Automatic;
				CURRENT_PROJECT_VERSION = 1;
				GENERATE_INFOPLIST_FILE = YES;
				MARKETING_VERSION = 1.0;
				PRODUCT_BUNDLE_IDENTIFIER = home.UnitiTunesTests;
				PRODUCT_NAME = "$(TARGET_NAME)";
				SWIFT_EMIT_LOC_STRINGS = NO;
				SWIFT_OBJC_BRIDGING_HEADER = "UnitiTunesTests/UnitiTunesTests-Bridging-Header.h";
				SWIFT_VERSION = 5.0;
				TARGETED_DEVICE_FAMILY = "1,2";
				TEST_HOST = "$(BUILT_PRODUCTS_DIR)/iTunesTest.app/$(BUNDLE_EXECUTABLE_FOLDER_PATH)/iTunesTest";
			};
			name = Release;
		};
/* End XCBuildConfiguration section */

/* Begin XCConfigurationList section */
		77B46F7C2B94ADB000444BA1 /* Build configuration list for PBXProject "iTunesTest" */ = {
			isa = XCConfigurationList;
			buildConfigurations = (
				77B46F932B94ADB300444BA1 /* Debug */,
				77B46F942B94ADB300444BA1 /* Release */,
			);
			defaultConfigurationIsVisible = 0;
			defaultConfigurationName = Release;
		};
		77B46F952B94ADB300444BA1 /* Build configuration list for PBXNativeTarget "iTunesTest" */ = {
			isa = XCConfigurationList;
			buildConfigurations = (
				77B46F962B94ADB300444BA1 /* Debug */,
				77B46F972B94ADB300444BA1 /* Release */,
			);
			defaultConfigurationIsVisible = 0;
			defaultConfigurationName = Release;
		};
		77C6CE3A2C0DF4130019B1DA /* Build configuration list for PBXNativeTarget "UnitiTunesTests" */ = {
			isa = XCConfigurationList;
			buildConfigurations = (
				77C6CE382C0DF4130019B1DA /* Debug */,
				77C6CE392C0DF4130019B1DA /* Release */,
			);
			defaultConfigurationIsVisible = 0;
			defaultConfigurationName = Release;
		};
/* End XCConfigurationList section */
	};
	rootObject = 77B46F792B94ADB000444BA1 /* Project object */;
}
